
Microsoft Visual Studio Solution File, Format Version 12.00
# Visual Studio 14
VisualStudioVersion = 14.0.25420.1
MinimumVisualStudioVersion = 10.0.40219.1
Project("{888888A0-9F3D-457C-B088-3A5042F75D52}") = "IntroToAlgorithms", "IntroToAlgorithms\IntroToAlgorithms.pyproj", "{1E2A8126-0E46-439F-91AD-8E2230FCC1CC}"
EndProject
Project("{888888A0-9F3D-457C-B088-3A5042F75D52}") = "Week4", "Week4\Week4.pyproj", "{1255D764-D3C3-41BA-82F1-8A5F7DEE3226}"
EndProject
Project("{888888A0-9F3D-457C-B088-3A5042F75D52}") = "Week5_LinkWeight", "Week5_LinkWeight\Week5_LinkWeight.pyproj", "{80B96F71-50C3-42A4-856E-FBD7B92466E2}"
EndProject
Project("{888888A0-9F3D-457C-B088-3A5042F75D52}") = "Week6_NPProblems", "Week6_NPProblems\Week6_NPProblems.pyproj", "{A84954A2-EDC2-4B0A-8613-71409E44E6A6}"
EndProject
Project("{888888A0-9F3D-457C-B088-3A5042F75D52}") = "Week7", "Week7\Week7.pyproj", "{904F455B-A51A-402E-8359-5B287E8B48D9}"
EndProject
Global
	GlobalSection(SolutionConfigurationPlatforms) = preSolution
		Debug|Any CPU = Debug|Any CPU
		Release|Any CPU = Release|Any CPU
	EndGlobalSection
	GlobalSection(ProjectConfigurationPlatforms) = postSolution
		{1E2A8126-0E46-439F-91AD-8E2230FCC1CC}.Debug|Any CPU.ActiveCfg = Debug|Any CPU
		{1E2A8126-0E46-439F-91AD-8E2230FCC1CC}.Release|Any CPU.ActiveCfg = Release|Any CPU
		{1255D764-D3C3-41BA-82F1-8A5F7DEE3226}.Debug|Any CPU.ActiveCfg = Debug|Any CPU
		{1255D764-D3C3-41BA-82F1-8A5F7DEE3226}.Release|Any CPU.ActiveCfg = Release|Any CPU
		{80B96F71-50C3-42A4-856E-FBD7B92466E2}.Debug|Any CPU.ActiveCfg = Debug|Any CPU
		{80B96F71-50C3-42A4-856E-FBD7B92466E2}.Release|Any CPU.ActiveCfg = Release|Any CPU
		{A84954A2-EDC2-4B0A-8613-71409E44E6A6}.Debug|Any CPU.ActiveCfg = Debug|Any CPU
		{A84954A2-EDC2-4B0A-8613-71409E44E6A6}.Release|Any CPU.ActiveCfg = Release|Any CPU
		{904F455B-A51A-402E-8359-5B287E8B48D9}.Debug|Any CPU.ActiveCfg = Debug|Any CPU
		{904F455B-A51A-402E-8359-5B287E8B48D9}.Release|Any CPU.ActiveCfg = Release|Any CPU
	EndGlobalSection
	GlobalSection(SolutionProperties) = preSolution
		HideSolutionNode = FALSE
	EndGlobalSection
EndGlobal
